{
  "name": "dev-validate-platform",
  "version": "0.1.0",
  "lockfileVersion": 3,
  "requires": true,
  "packages": {
    "": {
      "name": "dev-validate-platform",
      "version": "0.1.0",
      "license": "BSD-3-Clause",
      "dependencies": {
        "pryv": "^3.4.1"
      },
      "bin": {
        "validate-webhooks": "bin/validate-webhooks.js"
      }
    },
    "node_modules/pryv": {
      "version": "3.6.1",
      "resolved": "https://registry.npmjs.org/pryv/-/pryv-3.6.1.tgz",
      "integrity": "sha512-Ax0Pf9ksx+ScExHy5MZdtVCH3psCGZBIEG1P386PYyf4Z8Mk6nsJompxrBbw1jH+fwRnhHQoGOQJAVhhP+Brsw==",
      "license": "BSD-3-Clause",
      "engines": {
        "node": ">=20.0.0"
      }
    }
  }
}
